// !$*UTF8*$!
{
	archiveVersion = 1;
	classes = {
	};
	objectVersion = 50;
	objects = {

/* Begin PBXBuildFile section */
		0F7965DE2B82D5CEB91CF143 /* Pods_TopGamesAppUITests.framework in Frameworks */ = {isa = PBXBuildFile; fileRef = 1950649C75CFD77475CF66C4 /* Pods_TopGamesAppUITests.framework */; };
		2D498A0421DEC1D600F8FEEA /* AppDelegate.swift in Sources */ = {isa = PBXBuildFile; fileRef = 2D498A0321DEC1D600F8FEEA /* AppDelegate.swift */; };
		2D498A0C21DEC1D600F8FEEA /* TopGamesApp.xcdatamodeld in Sources */ = {isa = PBXBuildFile; fileRef = 2D498A0A21DEC1D600F8FEEA /* TopGamesApp.xcdatamodeld */; };
		2D498A0E21DEC1D900F8FEEA /* Assets.xcassets in Resources */ = {isa = PBXBuildFile; fileRef = 2D498A0D21DEC1D900F8FEEA /* Assets.xcassets */; };
		2D498A1C21DEC1D900F8FEEA /* TopGamesAppTests.swift in Sources */ = {isa = PBXBuildFile; fileRef = 2D498A1B21DEC1D900F8FEEA /* TopGamesAppTests.swift */; };
		2D498A2721DEC1D900F8FEEA /* TopGamesAppUITests.swift in Sources */ = {isa = PBXBuildFile; fileRef = 2D498A2621DEC1D900F8FEEA /* TopGamesAppUITests.swift */; };
		2D498A4C21DEC50100F8FEEA /* Game.swift in Sources */ = {isa = PBXBuildFile; fileRef = 2D498A4B21DEC50100F8FEEA /* Game.swift */; };
		2D498A5221DEC5F700F8FEEA /* LaunchScreen.storyboard in Resources */ = {isa = PBXBuildFile; fileRef = 2D498A4E21DEC5F700F8FEEA /* LaunchScreen.storyboard */; };
		2D498A5821DEC71200F8FEEA /* Main.storyboard in Resources */ = {isa = PBXBuildFile; fileRef = 2D498A5721DEC71200F8FEEA /* Main.storyboard */; };
		A5E252710B13F97EAB295500 /* Pods_TopGamesApp.framework in Frameworks */ = {isa = PBXBuildFile; fileRef = C8FBF0DB3E5A8FE819EF827B /* Pods_TopGamesApp.framework */; };
		F495D42692BF5A8499D40ED8 /* Pods_TopGamesAppTests.framework in Frameworks */ = {isa = PBXBuildFile; fileRef = 4AB44639C08FC87DC36209C1 /* Pods_TopGamesAppTests.framework */; };
/* End PBXBuildFile section */

/* Begin PBXContainerItemProxy section */
		2D498A1821DEC1D900F8FEEA /* PBXContainerItemProxy */ = {
			isa = PBXContainerItemProxy;
			containerPortal = 2D4989F821DEC1D500F8FEEA /* Project object */;
			proxyType = 1;
			remoteGlobalIDString = 2D4989FF21DEC1D500F8FEEA;
			remoteInfo = TopGamesApp;
		};
		2D498A2321DEC1D900F8FEEA /* PBXContainerItemProxy */ = {
			isa = PBXContainerItemProxy;
			containerPortal = 2D4989F821DEC1D500F8FEEA /* Project object */;
			proxyType = 1;
			remoteGlobalIDString = 2D4989FF21DEC1D500F8FEEA;
			remoteInfo = TopGamesApp;
		};
/* End PBXContainerItemProxy section */

/* Begin PBXFileReference section */
		1950649C75CFD77475CF66C4 /* Pods_TopGamesAppUITests.framework */ = {isa = PBXFileReference; explicitFileType = wrapper.framework; includeInIndex = 0; path = Pods_TopGamesAppUITests.framework; sourceTree = BUILT_PRODUCTS_DIR; };
		2D498A0021DEC1D500F8FEEA /* TopGamesApp.app */ = {isa = PBXFileReference; explicitFileType = wrapper.application; includeInIndex = 0; path = TopGamesApp.app; sourceTree = BUILT_PRODUCTS_DIR; };
		2D498A0321DEC1D600F8FEEA /* AppDelegate.swift */ = {isa = PBXFileReference; lastKnownFileType = sourcecode.swift; path = AppDelegate.swift; sourceTree = "<group>"; };
		2D498A0B21DEC1D600F8FEEA /* TopGamesApp.xcdatamodel */ = {isa = PBXFileReference; lastKnownFileType = wrapper.xcdatamodel; path = TopGamesApp.xcdatamodel; sourceTree = "<group>"; };
		2D498A0D21DEC1D900F8FEEA /* Assets.xcassets */ = {isa = PBXFileReference; lastKnownFileType = folder.assetcatalog; path = Assets.xcassets; sourceTree = "<group>"; };
		2D498A1221DEC1D900F8FEEA /* Info.plist */ = {isa = PBXFileReference; lastKnownFileType = text.plist.xml; path = Info.plist; sourceTree = "<group>"; };
		2D498A1721DEC1D900F8FEEA /* TopGamesAppTests.xctest */ = {isa = PBXFileReference; explicitFileType = wrapper.cfbundle; includeInIndex = 0; path = TopGamesAppTests.xctest; sourceTree = BUILT_PRODUCTS_DIR; };
		2D498A1B21DEC1D900F8FEEA /* TopGamesAppTests.swift */ = {isa = PBXFileReference; lastKnownFileType = sourcecode.swift; path = TopGamesAppTests.swift; sourceTree = "<group>"; };
		2D498A1D21DEC1D900F8FEEA /* Info.plist */ = {isa = PBXFileReference; lastKnownFileType = text.plist.xml; path = Info.plist; sourceTree = "<group>"; };
		2D498A2221DEC1D900F8FEEA /* TopGamesAppUITests.xctest */ = {isa = PBXFileReference; explicitFileType = wrapper.cfbundle; includeInIndex = 0; path = TopGamesAppUITests.xctest; sourceTree = BUILT_PRODUCTS_DIR; };
		2D498A2621DEC1D900F8FEEA /* TopGamesAppUITests.swift */ = {isa = PBXFileReference; lastKnownFileType = sourcecode.swift; path = TopGamesAppUITests.swift; sourceTree = "<group>"; };
		2D498A2821DEC1D900F8FEEA /* Info.plist */ = {isa = PBXFileReference; lastKnownFileType = text.plist.xml; path = Info.plist; sourceTree = "<group>"; };
		2D498A3D21DEC3BA00F8FEEA /* GameListViewController.swift */ = {isa = PBXFileReference; lastKnownFileType = sourcecode.swift; path = GameListViewController.swift; sourceTree = "<group>"; };
		2D498A3E21DEC3BA00F8FEEA /* GameListViewController+ListView.swift */ = {isa = PBXFileReference; lastKnownFileType = sourcecode.swift; path = "GameListViewController+ListView.swift"; sourceTree = "<group>"; };
		2D498A3F21DEC3BA00F8FEEA /* GameDetailViewController.swift */ = {isa = PBXFileReference; lastKnownFileType = sourcecode.swift; path = GameDetailViewController.swift; sourceTree = "<group>"; };
		2D498A4021DEC3BA00F8FEEA /* GameListViewController+CollectionView.swift */ = {isa = PBXFileReference; lastKnownFileType = sourcecode.swift; path = "GameListViewController+CollectionView.swift"; sourceTree = "<group>"; };
		2D498A4121DEC3BA00F8FEEA /* GameDetailViewController+DetailView.swift */ = {isa = PBXFileReference; lastKnownFileType = sourcecode.swift; path = "GameDetailViewController+DetailView.swift"; sourceTree = "<group>"; };
		2D498A4321DEC3BA00F8FEEA /* APIManager.swift */ = {isa = PBXFileReference; lastKnownFileType = sourcecode.swift; path = APIManager.swift; sourceTree = "<group>"; };
		2D498A4521DEC3BB00F8FEEA /* GameDetailViewModel.swift */ = {isa = PBXFileReference; lastKnownFileType = sourcecode.swift; path = GameDetailViewModel.swift; sourceTree = "<group>"; };
		2D498A4621DEC3BB00F8FEEA /* GameListViewModel.swift */ = {isa = PBXFileReference; lastKnownFileType = sourcecode.swift; path = GameListViewModel.swift; sourceTree = "<group>"; };
		2D498A4821DEC3BB00F8FEEA /* GameCell.swift */ = {isa = PBXFileReference; lastKnownFileType = sourcecode.swift; path = GameCell.swift; sourceTree = "<group>"; };
		2D498A4B21DEC50100F8FEEA /* Game.swift */ = {isa = PBXFileReference; fileEncoding = 4; lastKnownFileType = sourcecode.swift; path = Game.swift; sourceTree = "<group>"; };
		2D498A4F21DEC5F700F8FEEA /* Base */ = {isa = PBXFileReference; lastKnownFileType = file.storyboard; name = Base; path = Base.lproj/LaunchScreen.storyboard; sourceTree = "<group>"; };
		2D498A5721DEC71200F8FEEA /* Main.storyboard */ = {isa = PBXFileReference; lastKnownFileType = file.storyboard; path = Main.storyboard; sourceTree = "<group>"; };
		4AB44639C08FC87DC36209C1 /* Pods_TopGamesAppTests.framework */ = {isa = PBXFileReference; explicitFileType = wrapper.framework; includeInIndex = 0; path = Pods_TopGamesAppTests.framework; sourceTree = BUILT_PRODUCTS_DIR; };
		54D0968B397B3418F44B23CB /* Pods-TopGamesAppTests.release.xcconfig */ = {isa = PBXFileReference; includeInIndex = 1; lastKnownFileType = text.xcconfig; name = "Pods-TopGamesAppTests.release.xcconfig"; path = "Pods/Target Support Files/Pods-TopGamesAppTests/Pods-TopGamesAppTests.release.xcconfig"; sourceTree = "<group>"; };
		5C9E3B564C34AF82D818988F /* Pods-TopGamesAppTests.debug.xcconfig */ = {isa = PBXFileReference; includeInIndex = 1; lastKnownFileType = text.xcconfig; name = "Pods-TopGamesAppTests.debug.xcconfig"; path = "Pods/Target Support Files/Pods-TopGamesAppTests/Pods-TopGamesAppTests.debug.xcconfig"; sourceTree = "<group>"; };
		869EE450A007BAF65B1A81FB /* Pods-TopGamesAppUITests.debug.xcconfig */ = {isa = PBXFileReference; includeInIndex = 1; lastKnownFileType = text.xcconfig; name = "Pods-TopGamesAppUITests.debug.xcconfig"; path = "Pods/Target Support Files/Pods-TopGamesAppUITests/Pods-TopGamesAppUITests.debug.xcconfig"; sourceTree = "<group>"; };
		87E9FBDABEA55DE77E83B04B /* Pods-TopGamesAppUITests.release.xcconfig */ = {isa = PBXFileReference; includeInIndex = 1; lastKnownFileType = text.xcconfig; name = "Pods-TopGamesAppUITests.release.xcconfig"; path = "Pods/Target Support Files/Pods-TopGamesAppUITests/Pods-TopGamesAppUITests.release.xcconfig"; sourceTree = "<group>"; };
		A16C24317CD4F498535E4B64 /* Pods-TopGamesApp.debug.xcconfig */ = {isa = PBXFileReference; includeInIndex = 1; lastKnownFileType = text.xcconfig; name = "Pods-TopGamesApp.debug.xcconfig"; path = "Pods/Target Support Files/Pods-TopGamesApp/Pods-TopGamesApp.debug.xcconfig"; sourceTree = "<group>"; };
		C8FBF0DB3E5A8FE819EF827B /* Pods_TopGamesApp.framework */ = {isa = PBXFileReference; explicitFileType = wrapper.framework; includeInIndex = 0; path = Pods_TopGamesApp.framework; sourceTree = BUILT_PRODUCTS_DIR; };
		F19E3C63F0CE3C4D73486475 /* Pods-TopGamesApp.release.xcconfig */ = {isa = PBXFileReference; includeInIndex = 1; lastKnownFileType = text.xcconfig; name = "Pods-TopGamesApp.release.xcconfig"; path = "Pods/Target Support Files/Pods-TopGamesApp/Pods-TopGamesApp.release.xcconfig"; sourceTree = "<group>"; };
/* End PBXFileReference section */

/* Begin PBXFrameworksBuildPhase section */
		2D4989FD21DEC1D500F8FEEA /* Frameworks */ = {
			isa = PBXFrameworksBuildPhase;
			buildActionMask = 2147483647;
			files = (
				A5E252710B13F97EAB295500 /* Pods_TopGamesApp.framework in Frameworks */,
			);
			runOnlyForDeploymentPostprocessing = 0;
		};
		2D498A1421DEC1D900F8FEEA /* Frameworks */ = {
			isa = PBXFrameworksBuildPhase;
			buildActionMask = 2147483647;
			files = (
				F495D42692BF5A8499D40ED8 /* Pods_TopGamesAppTests.framework in Frameworks */,
			);
			runOnlyForDeploymentPostprocessing = 0;
		};
		2D498A1F21DEC1D900F8FEEA /* Frameworks */ = {
			isa = PBXFrameworksBuildPhase;
			buildActionMask = 2147483647;
			files = (
				0F7965DE2B82D5CEB91CF143 /* Pods_TopGamesAppUITests.framework in Frameworks */,
			);
			runOnlyForDeploymentPostprocessing = 0;
		};
/* End PBXFrameworksBuildPhase section */

/* Begin PBXGroup section */
		1C6E4DC8F018A39C8B17B868 /* Pods */ = {
			isa = PBXGroup;
			children = (
				A16C24317CD4F498535E4B64 /* Pods-TopGamesApp.debug.xcconfig */,
				F19E3C63F0CE3C4D73486475 /* Pods-TopGamesApp.release.xcconfig */,
				5C9E3B564C34AF82D818988F /* Pods-TopGamesAppTests.debug.xcconfig */,
				54D0968B397B3418F44B23CB /* Pods-TopGamesAppTests.release.xcconfig */,
				869EE450A007BAF65B1A81FB /* Pods-TopGamesAppUITests.debug.xcconfig */,
				87E9FBDABEA55DE77E83B04B /* Pods-TopGamesAppUITests.release.xcconfig */,
			);
			name = Pods;
			sourceTree = "<group>";
		};
		2D4989F721DEC1D500F8FEEA = {
			isa = PBXGroup;
			children = (
				2D498A5921DECCD800F8FEEA /* Supporting Files */,
				2D498A0221DEC1D500F8FEEA /* TopGamesApp */,
				2D498A1A21DEC1D900F8FEEA /* TopGamesAppTests */,
				2D498A2521DEC1D900F8FEEA /* TopGamesAppUITests */,
				2D498A0121DEC1D500F8FEEA /* Products */,
				1C6E4DC8F018A39C8B17B868 /* Pods */,
				F8E5F33407EB7B535B375176 /* Frameworks */,
			);
			sourceTree = "<group>";
		};
		2D498A0121DEC1D500F8FEEA /* Products */ = {
			isa = PBXGroup;
			children = (
				2D498A0021DEC1D500F8FEEA /* TopGamesApp.app */,
				2D498A1721DEC1D900F8FEEA /* TopGamesAppTests.xctest */,
				2D498A2221DEC1D900F8FEEA /* TopGamesAppUITests.xctest */,
			);
			name = Products;
			sourceTree = "<group>";
		};
		2D498A0221DEC1D500F8FEEA /* TopGamesApp */ = {
			isa = PBXGroup;
			children = (
				2D498A4A21DEC50100F8FEEA /* Model */,
				2D498A4921DEC3BC00F8FEEA /* DAO */,
				2D498A4221DEC3BA00F8FEEA /* Service */,
				2D498A3721DEC3B900F8FEEA /* Storyboards */,
				2D498A3C21DEC3BA00F8FEEA /* ViewControllers */,
				2D498A4421DEC3BB00F8FEEA /* ViewModels */,
				2D498A4721DEC3BB00F8FEEA /* Views */,
			);
			path = TopGamesApp;
			sourceTree = "<group>";
		};
		2D498A1A21DEC1D900F8FEEA /* TopGamesAppTests */ = {
			isa = PBXGroup;
			children = (
				2D498A1B21DEC1D900F8FEEA /* TopGamesAppTests.swift */,
				2D498A1D21DEC1D900F8FEEA /* Info.plist */,
			);
			path = TopGamesAppTests;
			sourceTree = "<group>";
		};
		2D498A2521DEC1D900F8FEEA /* TopGamesAppUITests */ = {
			isa = PBXGroup;
			children = (
				2D498A2621DEC1D900F8FEEA /* TopGamesAppUITests.swift */,
				2D498A2821DEC1D900F8FEEA /* Info.plist */,
			);
			path = TopGamesAppUITests;
			sourceTree = "<group>";
		};
		2D498A3721DEC3B900F8FEEA /* Storyboards */ = {
			isa = PBXGroup;
			children = (
				2D498A4D21DEC5F700F8FEEA /* Storyboards */,
			);
			path = Storyboards;
			sourceTree = "<group>";
		};
		2D498A3C21DEC3BA00F8FEEA /* ViewControllers */ = {
			isa = PBXGroup;
			children = (
				2D498A3D21DEC3BA00F8FEEA /* GameListViewController.swift */,
				2D498A3E21DEC3BA00F8FEEA /* GameListViewController+ListView.swift */,
				2D498A3F21DEC3BA00F8FEEA /* GameDetailViewController.swift */,
				2D498A4021DEC3BA00F8FEEA /* GameListViewController+CollectionView.swift */,
				2D498A4121DEC3BA00F8FEEA /* GameDetailViewController+DetailView.swift */,
			);
			path = ViewControllers;
			sourceTree = "<group>";
		};
		2D498A4221DEC3BA00F8FEEA /* Service */ = {
			isa = PBXGroup;
			children = (
				2D498A4321DEC3BA00F8FEEA /* APIManager.swift */,
			);
			path = Service;
			sourceTree = "<group>";
		};
		2D498A4421DEC3BB00F8FEEA /* ViewModels */ = {
			isa = PBXGroup;
			children = (
				2D498A4521DEC3BB00F8FEEA /* GameDetailViewModel.swift */,
				2D498A4621DEC3BB00F8FEEA /* GameListViewModel.swift */,
			);
			path = ViewModels;
			sourceTree = "<group>";
		};
		2D498A4721DEC3BB00F8FEEA /* Views */ = {
			isa = PBXGroup;
			children = (
				2D498A4821DEC3BB00F8FEEA /* GameCell.swift */,
			);
			path = Views;
			sourceTree = "<group>";
		};
		2D498A4921DEC3BC00F8FEEA /* DAO */ = {
			isa = PBXGroup;
			children = (
			);
			path = DAO;
			sourceTree = "<group>";
		};
		2D498A4A21DEC50100F8FEEA /* Model */ = {
			isa = PBXGroup;
			children = (
				2D498A4B21DEC50100F8FEEA /* Game.swift */,
			);
			path = Model;
			sourceTree = "<group>";
		};
		2D498A4D21DEC5F700F8FEEA /* Storyboards */ = {
			isa = PBXGroup;
			children = (
				2D498A4E21DEC5F700F8FEEA /* LaunchScreen.storyboard */,
				2D498A5721DEC71200F8FEEA /* Main.storyboard */,
			);
			name = Storyboards;
			sourceTree = "<group>";
		};
		2D498A5921DECCD800F8FEEA /* Supporting Files */ = {
			isa = PBXGroup;
			children = (
				2D498A0321DEC1D600F8FEEA /* AppDelegate.swift */,
				2D498A0D21DEC1D900F8FEEA /* Assets.xcassets */,
				2D498A1221DEC1D900F8FEEA /* Info.plist */,
				2D498A0A21DEC1D600F8FEEA /* TopGamesApp.xcdatamodeld */,
			);
			path = "Supporting Files";
			sourceTree = "<group>";
		};
		F8E5F33407EB7B535B375176 /* Frameworks */ = {
			isa = PBXGroup;
			children = (
				C8FBF0DB3E5A8FE819EF827B /* Pods_TopGamesApp.framework */,
				4AB44639C08FC87DC36209C1 /* Pods_TopGamesAppTests.framework */,
				1950649C75CFD77475CF66C4 /* Pods_TopGamesAppUITests.framework */,
			);
			name = Frameworks;
			sourceTree = "<group>";
		};
/* End PBXGroup section */

/* Begin PBXNativeTarget section */
		2D4989FF21DEC1D500F8FEEA /* TopGamesApp */ = {
			isa = PBXNativeTarget;
			buildConfigurationList = 2D498A2B21DEC1D900F8FEEA /* Build configuration list for PBXNativeTarget "TopGamesApp" */;
			buildPhases = (
				2400EFDE9D5F6BB32477AED0 /* [CP] Check Pods Manifest.lock */,
				2D4989FC21DEC1D500F8FEEA /* Sources */,
				2D4989FD21DEC1D500F8FEEA /* Frameworks */,
				2D4989FE21DEC1D500F8FEEA /* Resources */,
				A73AC55451F283173C868461 /* [CP] Embed Pods Frameworks */,
			);
			buildRules = (
			);
			dependencies = (
			);
			name = TopGamesApp;
			productName = TopGamesApp;
			productReference = 2D498A0021DEC1D500F8FEEA /* TopGamesApp.app */;
			productType = "com.apple.product-type.application";
		};
		2D498A1621DEC1D900F8FEEA /* TopGamesAppTests */ = {
			isa = PBXNativeTarget;
			buildConfigurationList = 2D498A2E21DEC1D900F8FEEA /* Build configuration list for PBXNativeTarget "TopGamesAppTests" */;
			buildPhases = (
				EFB8EC21B92CAD2E0537805A /* [CP] Check Pods Manifest.lock */,
				2D498A1321DEC1D900F8FEEA /* Sources */,
				2D498A1421DEC1D900F8FEEA /* Frameworks */,
				2D498A1521DEC1D900F8FEEA /* Resources */,
			);
			buildRules = (
			);
			dependencies = (
				2D498A1921DEC1D900F8FEEA /* PBXTargetDependency */,
			);
			name = TopGamesAppTests;
			productName = TopGamesAppTests;
			productReference = 2D498A1721DEC1D900F8FEEA /* TopGamesAppTests.xctest */;
			productType = "com.apple.product-type.bundle.unit-test";
		};
		2D498A2121DEC1D900F8FEEA /* TopGamesAppUITests */ = {
			isa = PBXNativeTarget;
			buildConfigurationList = 2D498A3121DEC1D900F8FEEA /* Build configuration list for PBXNativeTarget "TopGamesAppUITests" */;
			buildPhases = (
				60F242F75958990D8C30AB56 /* [CP] Check Pods Manifest.lock */,
				2D498A1E21DEC1D900F8FEEA /* Sources */,
				2D498A1F21DEC1D900F8FEEA /* Frameworks */,
				2D498A2021DEC1D900F8FEEA /* Resources */,
			);
			buildRules = (
			);
			dependencies = (
				2D498A2421DEC1D900F8FEEA /* PBXTargetDependency */,
			);
			name = TopGamesAppUITests;
			productName = TopGamesAppUITests;
			productReference = 2D498A2221DEC1D900F8FEEA /* TopGamesAppUITests.xctest */;
			productType = "com.apple.product-type.bundle.ui-testing";
		};
/* End PBXNativeTarget section */

/* Begin PBXProject section */
		2D4989F821DEC1D500F8FEEA /* Project object */ = {
			isa = PBXProject;
			attributes = {
				LastSwiftUpdateCheck = 1000;
				LastUpgradeCheck = 1000;
				ORGANIZATIONNAME = "Thiago Cavalcante de Oliveira";
				TargetAttributes = {
					2D4989FF21DEC1D500F8FEEA = {
						CreatedOnToolsVersion = 10.0;
					};
					2D498A1621DEC1D900F8FEEA = {
						CreatedOnToolsVersion = 10.0;
						TestTargetID = 2D4989FF21DEC1D500F8FEEA;
					};
					2D498A2121DEC1D900F8FEEA = {
						CreatedOnToolsVersion = 10.0;
						TestTargetID = 2D4989FF21DEC1D500F8FEEA;
					};
				};
			};
			buildConfigurationList = 2D4989FB21DEC1D500F8FEEA /* Build configuration list for PBXProject "TopGamesApp" */;
			compatibilityVersion = "Xcode 9.3";
			developmentRegion = en;
			hasScannedForEncodings = 0;
			knownRegions = (
				en,
				Base,
			);
			mainGroup = 2D4989F721DEC1D500F8FEEA;
			productRefGroup = 2D498A0121DEC1D500F8FEEA /* Products */;
			projectDirPath = "";
			projectRoot = "";
			targets = (
				2D4989FF21DEC1D500F8FEEA /* TopGamesApp */,
				2D498A1621DEC1D900F8FEEA /* TopGamesAppTests */,
				2D498A2121DEC1D900F8FEEA /* TopGamesAppUITests */,
			);
		};
/* End PBXProject section */

/* Begin PBXResourcesBuildPhase section */
		2D4989FE21DEC1D500F8FEEA /* Resources */ = {
			isa = PBXResourcesBuildPhase;
			buildActionMask = 2147483647;
			files = (
				2D498A0E21DEC1D900F8FEEA /* Assets.xcassets in Resources */,
				2D498A5221DEC5F700F8FEEA /* LaunchScreen.storyboard in Resources */,
				2D498A5821DEC71200F8FEEA /* Main.storyboard in Resources */,
			);
			runOnlyForDeploymentPostprocessing = 0;
		};
		2D498A1521DEC1D900F8FEEA /* Resources */ = {
			isa = PBXResourcesBuildPhase;
			buildActionMask = 2147483647;
			files = (
			);
			runOnlyForDeploymentPostprocessing = 0;
		};
		2D498A2021DEC1D900F8FEEA /* Resources */ = {
			isa = PBXResourcesBuildPhase;
			buildActionMask = 2147483647;
			files = (
			);
			runOnlyForDeploymentPostprocessing = 0;
		};
/* End PBXResourcesBuildPhase section */

/* Begin PBXShellScriptBuildPhase section */
		2400EFDE9D5F6BB32477AED0 /* [CP] Check Pods Manifest.lock */ = {
			isa = PBXShellScriptBuildPhase;
			buildActionMask = 2147483647;
			files = (
			);
			inputFileListPaths = (
			);
			inputPaths = (
				"${PODS_PODFILE_DIR_PATH}/Podfile.lock",
				"${PODS_ROOT}/Manifest.lock",
			);
			name = "[CP] Check Pods Manifest.lock";
			outputFileListPaths = (
			);
			outputPaths = (
				"$(DERIVED_FILE_DIR)/Pods-TopGamesApp-checkManifestLockResult.txt",
			);
			runOnlyForDeploymentPostprocessing = 0;
			shellPath = /bin/sh;
			shellScript = "diff \"${PODS_PODFILE_DIR_PATH}/Podfile.lock\" \"${PODS_ROOT}/Manifest.lock\" > /dev/null\nif [ $? != 0 ] ; then\n    # print error to STDERR\n    echo \"error: The sandbox is not in sync with the Podfile.lock. Run 'pod install' or update your CocoaPods installation.\" >&2\n    exit 1\nfi\n# This output is used by Xcode 'outputs' to avoid re-running this script phase.\necho \"SUCCESS\" > \"${SCRIPT_OUTPUT_FILE_0}\"\n";
			showEnvVarsInLog = 0;
		};
		60F242F75958990D8C30AB56 /* [CP] Check Pods Manifest.lock */ = {
			isa = PBXShellScriptBuildPhase;
			buildActionMask = 2147483647;
			files = (
			);
			inputFileListPaths = (
			);
			inputPaths = (
				"${PODS_PODFILE_DIR_PATH}/Podfile.lock",
				"${PODS_ROOT}/Manifest.lock",
			);
			name = "[CP] Check Pods Manifest.lock";
			outputFileListPaths = (
			);
			outputPaths = (
				"$(DERIVED_FILE_DIR)/Pods-TopGamesAppUITests-checkManifestLockResult.txt",
			);
			runOnlyForDeploymentPostprocessing = 0;
			shellPath = /bin/sh;
			shellScript = "diff \"${PODS_PODFILE_DIR_PATH}/Podfile.lock\" \"${PODS_ROOT}/Manifest.lock\" > /dev/null\nif [ $? != 0 ] ; then\n    # print error to STDERR\n    echo \"error: The sandbox is not in sync with the Podfile.lock. Run 'pod install' or update your CocoaPods installation.\" >&2\n    exit 1\nfi\n# This output is used by Xcode 'outputs' to avoid re-running this script phase.\necho \"SUCCESS\" > \"${SCRIPT_OUTPUT_FILE_0}\"\n";
			showEnvVarsInLog = 0;
		};
		A73AC55451F283173C868461 /* [CP] Embed Pods Frameworks */ = {
			isa = PBXShellScriptBuildPhase;
			buildActionMask = 2147483647;
			files = (
			);
			inputFileListPaths = (
			);
			inputPaths = (
				"${SRCROOT}/Pods/Target Support Files/Pods-TopGamesApp/Pods-TopGamesApp-frameworks.sh",
				"${BUILT_PRODUCTS_DIR}/Alamofire/Alamofire.framework",
				"${BUILT_PRODUCTS_DIR}/SDWebImage/SDWebImage.framework",
			);
			name = "[CP] Embed Pods Frameworks";
			outputFileListPaths = (
			);
			outputPaths = (
				"${TARGET_BUILD_DIR}/${FRAMEWORKS_FOLDER_PATH}/Alamofire.framework",
				"${TARGET_BUILD_DIR}/${FRAMEWORKS_FOLDER_PATH}/SDWebImage.framework",
			);
			runOnlyForDeploymentPostprocessing = 0;
			shellPath = /bin/sh;
			shellScript = "\"${SRCROOT}/Pods/Target Support Files/Pods-TopGamesApp/Pods-TopGamesApp-frameworks.sh\"\n";
			showEnvVarsInLog = 0;
		};
		EFB8EC21B92CAD2E0537805A /* [CP] Check Pods Manifest.lock */ = {
			isa = PBXShellScriptBuildPhase;
			buildActionMask = 2147483647;
			files = (
			);
			inputFileListPaths = (
			);
			inputPaths = (
				"${PODS_PODFILE_DIR_PATH}/Podfile.lock",
				"${PODS_ROOT}/Manifest.lock",
			);
			name = "[CP] Check Pods Manifest.lock";
			outputFileListPaths = (
			);
			outputPaths = (
				"$(DERIVED_FILE_DIR)/Pods-TopGamesAppTests-checkManifestLockResult.txt",
			);
			runOnlyForDeploymentPostprocessing = 0;
			shellPath = /bin/sh;
			shellScript = "diff \"${PODS_PODFILE_DIR_PATH}/Podfile.lock\" \"${PODS_ROOT}/Manifest.lock\" > /dev/null\nif [ $? != 0 ] ; then\n    # print error to STDERR\n    echo \"error: The sandbox is not in sync with the Podfile.lock. Run 'pod install' or update your CocoaPods installation.\" >&2\n    exit 1\nfi\n# This output is used by Xcode 'outputs' to avoid re-running this script phase.\necho \"SUCCESS\" > \"${SCRIPT_OUTPUT_FILE_0}\"\n";
			showEnvVarsInLog = 0;
		};
/* End PBXShellScriptBuildPhase section */

/* Begin PBXSourcesBuildPhase section */
		2D4989FC21DEC1D500F8FEEA /* Sources */ = {
			isa = PBXSourcesBuildPhase;
			buildActionMask = 2147483647;
			files = (
				2D498A0C21DEC1D600F8FEEA /* TopGamesApp.xcdatamodeld in Sources */,
				2D498A4C21DEC50100F8FEEA /* Game.swift in Sources */,
				2D498A0421DEC1D600F8FEEA /* AppDelegate.swift in Sources */,
			);
			runOnlyForDeploymentPostprocessing = 0;
		};
		2D498A1321DEC1D900F8FEEA /* Sources */ = {
			isa = PBXSourcesBuildPhase;
			buildActionMask = 2147483647;
			files = (
				2D498A1C21DEC1D900F8FEEA /* TopGamesAppTests.swift in Sources */,
			);
			runOnlyForDeploymentPostprocessing = 0;
		};
		2D498A1E21DEC1D900F8FEEA /* Sources */ = {
			isa = PBXSourcesBuildPhase;
			buildActionMask = 2147483647;
			files = (
				2D498A2721DEC1D900F8FEEA /* TopGamesAppUITests.swift in Sources */,
			);
			runOnlyForDeploymentPostprocessing = 0;
		};
/* End PBXSourcesBuildPhase section */

/* Begin PBXTargetDependency section */
		2D498A1921DEC1D900F8FEEA /* PBXTargetDependency */ = {
			isa = PBXTargetDependency;
			target = 2D4989FF21DEC1D500F8FEEA /* TopGamesApp */;
			targetProxy = 2D498A1821DEC1D900F8FEEA /* PBXContainerItemProxy */;
		};
		2D498A2421DEC1D900F8FEEA /* PBXTargetDependency */ = {
			isa = PBXTargetDependency;
			target = 2D4989FF21DEC1D500F8FEEA /* TopGamesApp */;
			targetProxy = 2D498A2321DEC1D900F8FEEA /* PBXContainerItemProxy */;
		};
/* End PBXTargetDependency section */

/* Begin PBXVariantGroup section */
		2D498A4E21DEC5F700F8FEEA /* LaunchScreen.storyboard */ = {
			isa = PBXVariantGroup;
			children = (
				2D498A4F21DEC5F700F8FEEA /* Base */,
			);
			name = LaunchScreen.storyboard;
			sourceTree = "<group>";
		};
/* End PBXVariantGroup section */

/* Begin XCBuildConfiguration section */
		2D498A2921DEC1D900F8FEEA /* Debug */ = {
			isa = XCBuildConfiguration;
			buildSettings = {
				ALWAYS_SEARCH_USER_PATHS = NO;
				CLANG_ANALYZER_NONNULL = YES;
				CLANG_ANALYZER_NUMBER_OBJECT_CONVERSION = YES_AGGRESSIVE;
				CLANG_CXX_LANGUAGE_STANDARD = "gnu++14";
				CLANG_CXX_LIBRARY = "libc++";
				CLANG_ENABLE_MODULES = YES;
				CLANG_ENABLE_OBJC_ARC = YES;
				CLANG_ENABLE_OBJC_WEAK = YES;
				CLANG_WARN_BLOCK_CAPTURE_AUTORELEASING = YES;
				CLANG_WARN_BOOL_CONVERSION = YES;
				CLANG_WARN_COMMA = YES;
				CLANG_WARN_CONSTANT_CONVERSION = YES;
				CLANG_WARN_DEPRECATED_OBJC_IMPLEMENTATIONS = YES;
				CLANG_WARN_DIRECT_OBJC_ISA_USAGE = YES_ERROR;
				CLANG_WARN_DOCUMENTATION_COMMENTS = YES;
				CLANG_WARN_EMPTY_BODY = YES;
				CLANG_WARN_ENUM_CONVERSION = YES;
				CLANG_WARN_INFINITE_RECURSION = YES;
				CLANG_WARN_INT_CONVERSION = YES;
				CLANG_WARN_NON_LITERAL_NULL_CONVERSION = YES;
				CLANG_WARN_OBJC_IMPLICIT_RETAIN_SELF = YES;
				CLANG_WARN_OBJC_LITERAL_CONVERSION = YES;
				CLANG_WARN_OBJC_ROOT_CLASS = YES_ERROR;
				CLANG_WARN_RANGE_LOOP_ANALYSIS = YES;
				CLANG_WARN_STRICT_PROTOTYPES = YES;
				CLANG_WARN_SUSPICIOUS_MOVE = YES;
				CLANG_WARN_UNGUARDED_AVAILABILITY = YES_AGGRESSIVE;
				CLANG_WARN_UNREACHABLE_CODE = YES;
				CLANG_WARN__DUPLICATE_METHOD_MATCH = YES;
				CODE_SIGN_IDENTITY = "iPhone Developer";
				COPY_PHASE_STRIP = NO;
				DEBUG_INFORMATION_FORMAT = dwarf;
				ENABLE_STRICT_OBJC_MSGSEND = YES;
				ENABLE_TESTABILITY = YES;
				GCC_C_LANGUAGE_STANDARD = gnu11;
				GCC_DYNAMIC_NO_PIC = NO;
				GCC_NO_COMMON_BLOCKS = YES;
				GCC_OPTIMIZATION_LEVEL = 0;
				GCC_PREPROCESSOR_DEFINITIONS = (
					"DEBUG=1",
					"$(inherited)",
				);
				GCC_WARN_64_TO_32_BIT_CONVERSION = YES;
				GCC_WARN_ABOUT_RETURN_TYPE = YES_ERROR;
				GCC_WARN_UNDECLARED_SELECTOR = YES;
				GCC_WARN_UNINITIALIZED_AUTOS = YES_AGGRESSIVE;
				GCC_WARN_UNUSED_FUNCTION = YES;
				GCC_WARN_UNUSED_VARIABLE = YES;
				IPHONEOS_DEPLOYMENT_TARGET = 12.0;
				MTL_ENABLE_DEBUG_INFO = INCLUDE_SOURCE;
				MTL_FAST_MATH = YES;
				ONLY_ACTIVE_ARCH = YES;
				SDKROOT = iphoneos;
				SWIFT_ACTIVE_COMPILATION_CONDITIONS = DEBUG;
				SWIFT_OPTIMIZATION_LEVEL = "-Onone";
			};
			name = Debug;
		};
		2D498A2A21DEC1D900F8FEEA /* Release */ = {
			isa = XCBuildConfiguration;
			buildSettings = {
				ALWAYS_SEARCH_USER_PATHS = NO;
				CLANG_ANALYZER_NONNULL = YES;
				CLANG_ANALYZER_NUMBER_OBJECT_CONVERSION = YES_AGGRESSIVE;
				CLANG_CXX_LANGUAGE_STANDARD = "gnu++14";
				CLANG_CXX_LIBRARY = "libc++";
				CLANG_ENABLE_MODULES = YES;
				CLANG_ENABLE_OBJC_ARC = YES;
				CLANG_ENABLE_OBJC_WEAK = YES;
				CLANG_WARN_BLOCK_CAPTURE_AUTORELEASING = YES;
				CLANG_WARN_BOOL_CONVERSION = YES;
				CLANG_WARN_COMMA = YES;
				CLANG_WARN_CONSTANT_CONVERSION = YES;
				CLANG_WARN_DEPRECATED_OBJC_IMPLEMENTATIONS = YES;
				CLANG_WARN_DIRECT_OBJC_ISA_USAGE = YES_ERROR;
				CLANG_WARN_DOCUMENTATION_COMMENTS = YES;
				CLANG_WARN_EMPTY_BODY = YES;
				CLANG_WARN_ENUM_CONVERSION = YES;
				CLANG_WARN_INFINITE_RECURSION = YES;
				CLANG_WARN_INT_CONVERSION = YES;
				CLANG_WARN_NON_LITERAL_NULL_CONVERSION = YES;
				CLANG_WARN_OBJC_IMPLICIT_RETAIN_SELF = YES;
				CLANG_WARN_OBJC_LITERAL_CONVERSION = YES;
				CLANG_WARN_OBJC_ROOT_CLASS = YES_ERROR;
				CLANG_WARN_RANGE_LOOP_ANALYSIS = YES;
				CLANG_WARN_STRICT_PROTOTYPES = YES;
				CLANG_WARN_SUSPICIOUS_MOVE = YES;
				CLANG_WARN_UNGUARDED_AVAILABILITY = YES_AGGRESSIVE;
				CLANG_WARN_UNREACHABLE_CODE = YES;
				CLANG_WARN__DUPLICATE_METHOD_MATCH = YES;
				CODE_SIGN_IDENTITY = "iPhone Developer";
				COPY_PHASE_STRIP = NO;
				DEBUG_INFORMATION_FORMAT = "dwarf-with-dsym";
				ENABLE_NS_ASSERTIONS = NO;
				ENABLE_STRICT_OBJC_MSGSEND = YES;
				GCC_C_LANGUAGE_STANDARD = gnu11;
				GCC_NO_COMMON_BLOCKS = YES;
				GCC_WARN_64_TO_32_BIT_CONVERSION = YES;
				GCC_WARN_ABOUT_RETURN_TYPE = YES_ERROR;
				GCC_WARN_UNDECLARED_SELECTOR = YES;
				GCC_WARN_UNINITIALIZED_AUTOS = YES_AGGRESSIVE;
				GCC_WARN_UNUSED_FUNCTION = YES;
				GCC_WARN_UNUSED_VARIABLE = YES;
				IPHONEOS_DEPLOYMENT_TARGET = 12.0;
				MTL_ENABLE_DEBUG_INFO = NO;
				MTL_FAST_MATH = YES;
				SDKROOT = iphoneos;
				SWIFT_COMPILATION_MODE = wholemodule;
				SWIFT_OPTIMIZATION_LEVEL = "-O";
				VALIDATE_PRODUCT = YES;
			};
			name = Release;
		};
		2D498A2C21DEC1D900F8FEEA /* Debug */ = {
			isa = XCBuildConfiguration;
			baseConfigurationReference = A16C24317CD4F498535E4B64 /* Pods-TopGamesApp.debug.xcconfig */;
			buildSettings = {
				ASSETCATALOG_COMPILER_APPICON_NAME = AppIcon;
				CODE_SIGN_STYLE = Automatic;
				DEVELOPMENT_TEAM = M8UJX898RF;
				INFOPLIST_FILE = "$(SRCROOT)/Supporting Files/Info.plist";
				LD_RUNPATH_SEARCH_PATHS = (
					"$(inherited)",
					"@executable_path/Frameworks",
				);
				PRODUCT_BUNDLE_IDENTIFIER = br.com.alura.TopGamesApp;
				PRODUCT_NAME = "$(TARGET_NAME)";
				SWIFT_VERSION = 4.2;
				TARGETED_DEVICE_FAMILY = "1,2";
			};
			name = Debug;
		};
		2D498A2D21DEC1D900F8FEEA /* Release */ = {
			isa = XCBuildConfiguration;
			baseConfigurationReference = F19E3C63F0CE3C4D73486475 /* Pods-TopGamesApp.release.xcconfig */;
			buildSettings = {
				ASSETCATALOG_COMPILER_APPICON_NAME = AppIcon;
				CODE_SIGN_STYLE = Automatic;
				DEVELOPMENT_TEAM = M8UJX898RF;
				INFOPLIST_FILE = "$(SRCROOT)/Supporting Files/Info.plist";
				LD_RUNPATH_SEARCH_PATHS = (
					"$(inherited)",
					"@executable_path/Frameworks",
				);
				PRODUCT_BUNDLE_IDENTIFIER = br.com.alura.TopGamesApp;
				PRODUCT_NAME = "$(TARGET_NAME)";
				SWIFT_VERSION = 4.2;
				TARGETED_DEVICE_FAMILY = "1,2";
			};
			name = Release;
		};
		2D498A2F21DEC1D900F8FEEA /* Debug */ = {
			isa = XCBuildConfiguration;
			baseConfigurationReference = 5C9E3B564C34AF82D818988F /* Pods-TopGamesAppTests.debug.xcconfig */;
			buildSettings = {
				ALWAYS_EMBED_SWIFT_STANDARD_LIBRARIES = YES;
				BUNDLE_LOADER = "$(TEST_HOST)";
				CODE_SIGN_STYLE = Automatic;
				DEVELOPMENT_TEAM = M8UJX898RF;
				INFOPLIST_FILE = TopGamesAppTests/Info.plist;
				LD_RUNPATH_SEARCH_PATHS = (
					"$(inherited)",
					"@executable_path/Frameworks",
					"@loader_path/Frameworks",
				);
				PRODUCT_BUNDLE_IDENTIFIER = br.com.alura.TopGamesAppTests;
				PRODUCT_NAME = "$(TARGET_NAME)";
				SWIFT_VERSION = 4.2;
				TARGETED_DEVICE_FAMILY = "1,2";
				TEST_HOST = "$(BUILT_PRODUCTS_DIR)/TopGamesApp.app/TopGamesApp";
			};
			name = Debug;
		};
		2D498A3021DEC1D900F8FEEA /* Release */ = {
			isa = XCBuildConfiguration;
			baseConfigurationReference = 54D0968B397B3418F44B23CB /* Pods-TopGamesAppTests.release.xcconfig */;
			buildSettings = {
				ALWAYS_EMBED_SWIFT_STANDARD_LIBRARIES = YES;
				BUNDLE_LOADER = "$(TEST_HOST)";
				CODE_SIGN_STYLE = Automatic;
				DEVELOPMENT_TEAM = M8UJX898RF;
				INFOPLIST_FILE = TopGamesAppTests/Info.plist;
				LD_RUNPATH_SEARCH_PATHS = (
					"$(inherited)",
					"@executable_path/Frameworks",
					"@loader_path/Frameworks",
				);
				PRODUCT_BUNDLE_IDENTIFIER = br.com.alura.TopGamesAppTests;
				PRODUCT_NAME = "$(TARGET_NAME)";
				SWIFT_VERSION = 4.2;
				TARGETED_DEVICE_FAMILY = "1,2";
				TEST_HOST = "$(BUILT_PRODUCTS_DIR)/TopGamesApp.app/TopGamesApp";
			};
			name = Release;
		};
		2D498A3221DEC1D900F8FEEA /* Debug */ = {
			isa = XCBuildConfiguration;
			baseConfigurationReference = 869EE450A007BAF65B1A81FB /* Pods-TopGamesAppUITests.debug.xcconfig */;
			buildSettings = {
				ALWAYS_EMBED_SWIFT_STANDARD_LIBRARIES = YES;
				CODE_SIGN_STYLE = Automatic;
				DEVELOPMENT_TEAM = M8UJX898RF;
				INFOPLIST_FILE = TopGamesAppUITests/Info.plist;
				LD_RUNPATH_SEARCH_PATHS = (
					"$(inherited)",
					"@executable_path/Frameworks",
					"@loader_path/Frameworks",
				);
				PRODUCT_BUNDLE_IDENTIFIER = br.com.alura.TopGamesAppUITests;
				PRODUCT_NAME = "$(TARGET_NAME)";
				SWIFT_VERSION = 4.2;
				TARGETED_DEVICE_FAMILY = "1,2";
				TEST_TARGET_NAME = TopGamesApp;
			};
			name = Debug;
		};
		2D498A3321DEC1D900F8FEEA /* Release */ = {
			isa = XCBuildConfiguration;
			baseConfigurationReference = 87E9FBDABEA55DE77E83B04B /* Pods-TopGamesAppUITests.release.xcconfig */;
			buildSettings = {
				ALWAYS_EMBED_SWIFT_STANDARD_LIBRARIES = YES;
				CODE_SIGN_STYLE = Automatic;
				DEVELOPMENT_TEAM = M8UJX898RF;
				INFOPLIST_FILE = TopGamesAppUITests/Info.plist;
				LD_RUNPATH_SEARCH_PATHS = (
					"$(inherited)",
					"@executable_path/Frameworks",
					"@loader_path/Frameworks",
				);
				PRODUCT_BUNDLE_IDENTIFIER = br.com.alura.TopGamesAppUITests;
				PRODUCT_NAME = "$(TARGET_NAME)";
				SWIFT_VERSION = 4.2;
				TARGETED_DEVICE_FAMILY = "1,2";
				TEST_TARGET_NAME = TopGamesApp;
			};
			name = Release;
		};
/* End XCBuildConfiguration section */

/* Begin XCConfigurationList section */
		2D4989FB21DEC1D500F8FEEA /* Build configuration list for PBXProject "TopGamesApp" */ = {
			isa = XCConfigurationList;
			buildConfigurations = (
				2D498A2921DEC1D900F8FEEA /* Debug */,
				2D498A2A21DEC1D900F8FEEA /* Release */,
			);
			defaultConfigurationIsVisible = 0;
			defaultConfigurationName = Debug;
		};
		2D498A2B21DEC1D900F8FEEA /* Build configuration list for PBXNativeTarget "TopGamesApp" */ = {
			isa = XCConfigurationList;
			buildConfigurations = (
				2D498A2C21DEC1D900F8FEEA /* Debug */,
				2D498A2D21DEC1D900F8FEEA /* Release */,
			);
			defaultConfigurationIsVisible = 0;
			defaultConfigurationName = Debug;
		};
		2D498A2E21DEC1D900F8FEEA /* Build configuration list for PBXNativeTarget "TopGamesAppTests" */ = {
			isa = XCConfigurationList;
			buildConfigurations = (
				2D498A2F21DEC1D900F8FEEA /* Debug */,
				2D498A3021DEC1D900F8FEEA /* Release */,
			);
			defaultConfigurationIsVisible = 0;
			defaultConfigurationName = Debug;
		};
		2D498A3121DEC1D900F8FEEA /* Build configuration list for PBXNativeTarget "TopGamesAppUITests" */ = {
			isa = XCConfigurationList;
			buildConfigurations = (
				2D498A3221DEC1D900F8FEEA /* Debug */,
				2D498A3321DEC1D900F8FEEA /* Release */,
			);
			defaultConfigurationIsVisible = 0;
			defaultConfigurationName = Debug;
		};
/* End XCConfigurationList section */

/* Begin XCVersionGroup section */
		2D498A0A21DEC1D600F8FEEA /* TopGamesApp.xcdatamodeld */ = {
			isa = XCVersionGroup;
			children = (
				2D498A0B21DEC1D600F8FEEA /* TopGamesApp.xcdatamodel */,
			);
			currentVersion = 2D498A0B21DEC1D600F8FEEA /* TopGamesApp.xcdatamodel */;
			path = TopGamesApp.xcdatamodeld;
			sourceTree = "<group>";
			versionGroupType = wrapper.xcdatamodel;
		};
/* End XCVersionGroup section */
	};
	rootObject = 2D4989F821DEC1D500F8FEEA /* Project object */;
}
